
Microsoft Visual Studio Solution File, Format Version 12.00
# Visual Studio Version 17
VisualStudioVersion = 17.2.32526.322
MinimumVisualStudioVersion = 10.0.40219.1
Project("{9A19103F-16F7-4668-BE54-9A1E7A4F7556}") = "altcom-api", "altcom-api\altcom-api.csproj", "{10F60F81-A711-46A4-94BD-3CFD2A4AFECB}"
EndProject
Project("{FAE04EC0-301F-11D3-BF4B-00C04F79EFBC}") = "Core", "Core\Core.csproj", "{8C89BB4C-6526-455A-A283-EAD3579F7290}"
EndProject
Project("{FAE04EC0-301F-11D3-BF4B-00C04F79EFBC}") = "Infrastructure", "Infrastructure\Infrastructure.csproj", "{6DD5CDD4-5DF9-4A21-82A0-84C9D358B591}"
EndProject
Global
	GlobalSection(SolutionConfigurationPlatforms) = preSolution
		Debug|Any CPU = Debug|Any CPU
		Release|Any CPU = Release|Any CPU
	EndGlobalSection
	GlobalSection(ProjectConfigurationPlatforms) = postSolution
		{10F60F81-A711-46A4-94BD-3CFD2A4AFECB}.Debug|Any CPU.ActiveCfg = Debug|Any CPU
		{10F60F81-A711-46A4-94BD-3CFD2A4AFECB}.Debug|Any CPU.Build.0 = Debug|Any CPU
		{10F60F81-A711-46A4-94BD-3CFD2A4AFECB}.Release|Any CPU.ActiveCfg = Release|Any CPU
		{10F60F81-A711-46A4-94BD-3CFD2A4AFECB}.Release|Any CPU.Build.0 = Release|Any CPU
		{8C89BB4C-6526-455A-A283-EAD3579F7290}.Debug|Any CPU.ActiveCfg = Debug|Any CPU
		{8C89BB4C-6526-455A-A283-EAD3579F7290}.Debug|Any CPU.Build.0 = Debug|Any CPU
		{8C89BB4C-6526-455A-A283-EAD3579F7290}.Release|Any CPU.ActiveCfg = Release|Any CPU
		{8C89BB4C-6526-455A-A283-EAD3579F7290}.Release|Any CPU.Build.0 = Release|Any CPU
		{6DD5CDD4-5DF9-4A21-82A0-84C9D358B591}.Debug|Any CPU.ActiveCfg = Debug|Any CPU
		{6DD5CDD4-5DF9-4A21-82A0-84C9D358B591}.Debug|Any CPU.Build.0 = Debug|Any CPU
		{6DD5CDD4-5DF9-4A21-82A0-84C9D358B591}.Release|Any CPU.ActiveCfg = Release|Any CPU
		{6DD5CDD4-5DF9-4A21-82A0-84C9D358B591}.Release|Any CPU.Build.0 = Release|Any CPU
	EndGlobalSection
	GlobalSection(SolutionProperties) = preSolution
		HideSolutionNode = FALSE
	EndGlobalSection
	GlobalSection(ExtensibilityGlobals) = postSolution
		SolutionGuid = {C8F35A64-9388-4151-BB01-FA4ADD8047E5}
	EndGlobalSection
EndGlobal
